
Microsoft Visual Studio Solution File, Format Version 12.00
# Visual Studio Version 17
VisualStudioVersion = 17.10.35122.118
MinimumVisualStudioVersion = 10.0.40219.1
Project("{FAE04EC0-301F-11D3-BF4B-00C04F79EFBC}") = "store", "store\store.csproj", "{6738A380-1B23-4698-8502-5CF1D3DA5FF5}"
EndProject
Global
	GlobalSection(SolutionConfigurationPlatforms) = preSolution
		Debug|Any CPU = Debug|Any CPU
		Release|Any CPU = Release|Any CPU
	EndGlobalSection
	GlobalSection(ProjectConfigurationPlatforms) = postSolution
		{6738A380-1B23-4698-8502-5CF1D3DA5FF5}.Debug|Any CPU.ActiveCfg = Debug|Any CPU
		{6738A380-1B23-4698-8502-5CF1D3DA5FF5}.Debug|Any CPU.Build.0 = Debug|Any CPU
		{6738A380-1B23-4698-8502-5CF1D3DA5FF5}.Release|Any CPU.ActiveCfg = Release|Any CPU
		{6738A380-1B23-4698-8502-5CF1D3DA5FF5}.Release|Any CPU.Build.0 = Release|Any CPU
	EndGlobalSection
	GlobalSection(SolutionProperties) = preSolution
		HideSolutionNode = FALSE
	EndGlobalSection
	GlobalSection(ExtensibilityGlobals) = postSolution
		SolutionGuid = {8205CF89-5B43-4ABC-941A-691613E838BA}
	EndGlobalSection
EndGlobal
